
Microsoft Visual Studio Solution File, Format Version 12.00
# Visual Studio 2012
Project("{FAE04EC0-301F-11D3-BF4B-00C04F79EFBC}") = "HelixToolkit", "..\HelixToolkit\HelixToolkit.csproj", "{3F3B4548-A9DB-4874-86F7-E7C4FEC8A351}"
EndProject
Project("{FAE04EC0-301F-11D3-BF4B-00C04F79EFBC}") = "HelixToolkit.Input", "..\HelixToolkit.Input\HelixToolkit.Input.csproj", "{20A2B996-7124-4783-AF5E-907EF7167881}"
EndProject
Project("{FAE04EC0-301F-11D3-BF4B-00C04F79EFBC}") = "WPFToolkit.Extended", "..\WPFToolkit.Extended\WPFToolkit.Extended.csproj", "{72E591D6-8F83-4D8C-8F67-9C325E623234}"
EndProject
Project("{FAE04EC0-301F-11D3-BF4B-00C04F79EFBC}") = "Techne", "Techne\Techne.csproj", "{95B8E44C-D43B-4F17-9AF7-E88A0A9311EB}"
EndProject
Project("{2150E333-8FDC-42A3-9474-1A3956D46DE8}") = "Libs", "Libs", "{70C00A28-FC59-4282-84AB-EDD2A6971A4D}"
EndProject
Project("{2150E333-8FDC-42A3-9474-1A3956D46DE8}") = "Plugins", "Plugins", "{177A51FA-2D8B-4D7C-9344-2D76AA0D8055}"
	ProjectSection(SolutionItems) = preProject
		McModeler\TextureViewer.xaml = McModeler\TextureViewer.xaml
		McModeler\TextureViewer.xaml.cs = McModeler\TextureViewer.xaml.cs
	EndProjectSection
EndProject
Project("{FAE04EC0-301F-11D3-BF4B-00C04F79EFBC}") = "Techne.Plugins", "Techne.Plugins.Interfaces\Techne.Plugins.csproj", "{56375A61-BD03-42D6-AC7A-C03DB82A14F4}"
EndProject
Project("{2150E333-8FDC-42A3-9474-1A3956D46DE8}") = "Shapes", "Shapes", "{5CD11A8F-ED44-44CD-A14D-6B4EF76F6F43}"
EndProject
Project("{2150E333-8FDC-42A3-9474-1A3956D46DE8}") = "FileHandler", "FileHandler", "{76F667AE-CCD7-4721-8DBF-CFEDDBB82029}"
EndProject
Project("{FAE04EC0-301F-11D3-BF4B-00C04F79EFBC}") = "Techne.Plugins.Shapes.TechneCubeVisual3D", "Techne.Plugins.Shapes.TechneCubeVisual3D\Techne.Plugins.Shapes.TechneCubeVisual3D.csproj", "{CF0D1306-12D7-4B67-8901-2F024B1DF1BC}"
EndProject
Project("{FAE04EC0-301F-11D3-BF4B-00C04F79EFBC}") = "Techne.Plugins.FileHandler.Java", "Techne.Plugins.FileHandler.Java\Techne.Plugins.FileHandler.Java.csproj", "{11293BF5-22DC-4163-A2E3-3E18BECC20FE}"
EndProject
Project("{FAE04EC0-301F-11D3-BF4B-00C04F79EFBC}") = "Cinch.WPF", "..\Cinch\CinchV2.WPF\Cinch.WPF.csproj", "{673879AD-29C1-42B8-9A79-3750418696AB}"
EndProject
Project("{FAE04EC0-301F-11D3-BF4B-00C04F79EFBC}") = "Techne.Plugins.FileHandler.Texturemap", "Techne.Plugins.FileHandler.Texturemap\Techne.Plugins.FileHandler.Texturemap.csproj", "{99F32F7D-D2AC-43C8-9A1A-ACCCF445D642}"
EndProject
Project("{FAE04EC0-301F-11D3-BF4B-00C04F79EFBC}") = "Techne.Plugins.FileHandler.TurboModelThingy", "Techne.Plugins.FileHandler.TurboModelThingy\Techne.Plugins.FileHandler.TurboModelThingy.csproj", "{2F6F0F02-5281-4B4E-AEE1-84E1B4B4632C}"
EndProject
Project("{FAE04EC0-301F-11D3-BF4B-00C04F79EFBC}") = "WPG", "..\..\Libraries\WPF Property Grid\WPG\WPG.csproj", "{022EDA6A-0B76-44C3-A530-8312C1B40030}"
EndProject
Project("{FAE04EC0-301F-11D3-BF4B-00C04F79EFBC}") = "WPGBrushEditor", "..\..\Libraries\WPF Property Grid\WPGBrushEditor\WPGBrushEditor.csproj", "{E26BC89B-3B66-4E96-8FE2-655BD10CFB1B}"
EndProject
Project("{FAE04EC0-301F-11D3-BF4B-00C04F79EFBC}") = "Techne.Plugins.Shapes.TurboModelThingyCubeVisual3D", "Techne.Plugins.Shapes.TurboModelThingyCubeVisual3D\Techne.Plugins.Shapes.TurboModelThingyCubeVisual3D.csproj", "{CF0D1306-12D7-4B67-8901-2F024B1DF1AA}"
EndProject
Project("{FAE04EC0-301F-11D3-BF4B-00C04F79EFBC}") = "GongSolutions.Wpf.DragDrop", "..\..\Libraries\Drag Drop\GongSolutions.Wpf.DragDrop\GongSolutions.Wpf.DragDrop.csproj", "{0C6674CC-6D49-414A-9B41-D4E175028FFB}"
EndProject
Project("{FAE04EC0-301F-11D3-BF4B-00C04F79EFBC}") = "EditableBehaviorLibrary", "..\..\Libraries\WpfEditableLabelBehavior\EditableBehaviorLibrary\EditableBehaviorLibrary.csproj", "{71311977-4438-4E00-A5FD-F6E2FAC6A7C8}"
EndProject
Global
	GlobalSection(SolutionConfigurationPlatforms) = preSolution
		Debug|Any CPU = Debug|Any CPU
		Debug|CLR2 = Debug|CLR2
		Debug|Mixed Platforms = Debug|Mixed Platforms
		Debug|x86 = Debug|x86
		Part1|Any CPU = Part1|Any CPU
		Part1|CLR2 = Part1|CLR2
		Part1|Mixed Platforms = Part1|Mixed Platforms
		Part1|x86 = Part1|x86
		Release|Any CPU = Release|Any CPU
		Release|CLR2 = Release|CLR2
		Release|Mixed Platforms = Release|Mixed Platforms
		Release|x86 = Release|x86
	EndGlobalSection
	GlobalSection(ProjectConfigurationPlatforms) = postSolution
		{3F3B4548-A9DB-4874-86F7-E7C4FEC8A351}.Debug|Any CPU.ActiveCfg = Debug|Any CPU
		{3F3B4548-A9DB-4874-86F7-E7C4FEC8A351}.Debug|Any CPU.Build.0 = Debug|Any CPU
		{3F3B4548-A9DB-4874-86F7-E7C4FEC8A351}.Debug|CLR2.ActiveCfg = Debug|Any CPU
		{3F3B4548-A9DB-4874-86F7-E7C4FEC8A351}.Debug|Mixed Platforms.ActiveCfg = Debug|Any CPU
		{3F3B4548-A9DB-4874-86F7-E7C4FEC8A351}.Debug|Mixed Platforms.Build.0 = Debug|Any CPU
		{3F3B4548-A9DB-4874-86F7-E7C4FEC8A351}.Debug|x86.ActiveCfg = Debug|Any CPU
		{3F3B4548-A9DB-4874-86F7-E7C4FEC8A351}.Part1|Any CPU.ActiveCfg = Release|Any CPU
		{3F3B4548-A9DB-4874-86F7-E7C4FEC8A351}.Part1|Any CPU.Build.0 = Release|Any CPU
		{3F3B4548-A9DB-4874-86F7-E7C4FEC8A351}.Part1|CLR2.ActiveCfg = Release|Any CPU
		{3F3B4548-A9DB-4874-86F7-E7C4FEC8A351}.Part1|Mixed Platforms.ActiveCfg = Release|Any CPU
		{3F3B4548-A9DB-4874-86F7-E7C4FEC8A351}.Part1|Mixed Platforms.Build.0 = Release|Any CPU
		{3F3B4548-A9DB-4874-86F7-E7C4FEC8A351}.Part1|x86.ActiveCfg = Release|Any CPU
		{3F3B4548-A9DB-4874-86F7-E7C4FEC8A351}.Release|Any CPU.ActiveCfg = Release|Any CPU
		{3F3B4548-A9DB-4874-86F7-E7C4FEC8A351}.Release|Any CPU.Build.0 = Release|Any CPU
		{3F3B4548-A9DB-4874-86F7-E7C4FEC8A351}.Release|CLR2.ActiveCfg = Release|Any CPU
		{3F3B4548-A9DB-4874-86F7-E7C4FEC8A351}.Release|Mixed Platforms.ActiveCfg = Release|Any CPU
		{3F3B4548-A9DB-4874-86F7-E7C4FEC8A351}.Release|Mixed Platforms.Build.0 = Release|Any CPU
		{3F3B4548-A9DB-4874-86F7-E7C4FEC8A351}.Release|x86.ActiveCfg = Release|Any CPU
		{20A2B996-7124-4783-AF5E-907EF7167881}.Debug|Any CPU.ActiveCfg = Debug|Any CPU
		{20A2B996-7124-4783-AF5E-907EF7167881}.Debug|Any CPU.Build.0 = Debug|Any CPU
		{20A2B996-7124-4783-AF5E-907EF7167881}.Debug|CLR2.ActiveCfg = Debug|Any CPU
		{20A2B996-7124-4783-AF5E-907EF7167881}.Debug|Mixed Platforms.ActiveCfg = Debug|Any CPU
		{20A2B996-7124-4783-AF5E-907EF7167881}.Debug|Mixed Platforms.Build.0 = Debug|Any CPU
		{20A2B996-7124-4783-AF5E-907EF7167881}.Debug|x86.ActiveCfg = Debug|Any CPU
		{20A2B996-7124-4783-AF5E-907EF7167881}.Part1|Any CPU.ActiveCfg = Release|Any CPU
		{20A2B996-7124-4783-AF5E-907EF7167881}.Part1|Any CPU.Build.0 = Release|Any CPU
		{20A2B996-7124-4783-AF5E-907EF7167881}.Part1|CLR2.ActiveCfg = Release|Any CPU
		{20A2B996-7124-4783-AF5E-907EF7167881}.Part1|Mixed Platforms.ActiveCfg = Release|Any CPU
		{20A2B996-7124-4783-AF5E-907EF7167881}.Part1|Mixed Platforms.Build.0 = Release|Any CPU
		{20A2B996-7124-4783-AF5E-907EF7167881}.Part1|x86.ActiveCfg = Release|Any CPU
		{20A2B996-7124-4783-AF5E-907EF7167881}.Release|Any CPU.ActiveCfg = Release|Any CPU
		{20A2B996-7124-4783-AF5E-907EF7167881}.Release|Any CPU.Build.0 = Release|Any CPU
		{20A2B996-7124-4783-AF5E-907EF7167881}.Release|CLR2.ActiveCfg = Release|Any CPU
		{20A2B996-7124-4783-AF5E-907EF7167881}.Release|Mixed Platforms.ActiveCfg = Release|Any CPU
		{20A2B996-7124-4783-AF5E-907EF7167881}.Release|Mixed Platforms.Build.0 = Release|Any CPU
		{20A2B996-7124-4783-AF5E-907EF7167881}.Release|x86.ActiveCfg = Release|Any CPU
		{72E591D6-8F83-4D8C-8F67-9C325E623234}.Debug|Any CPU.ActiveCfg = Debug|Any CPU
		{72E591D6-8F83-4D8C-8F67-9C325E623234}.Debug|Any CPU.Build.0 = Debug|Any CPU
		{72E591D6-8F83-4D8C-8F67-9C325E623234}.Debug|CLR2.ActiveCfg = Debug|Any CPU
		{72E591D6-8F83-4D8C-8F67-9C325E623234}.Debug|Mixed Platforms.ActiveCfg = Debug|Any CPU
		{72E591D6-8F83-4D8C-8F67-9C325E623234}.Debug|Mixed Platforms.Build.0 = Debug|Any CPU
		{72E591D6-8F83-4D8C-8F67-9C325E623234}.Debug|x86.ActiveCfg = Debug|Any CPU
		{72E591D6-8F83-4D8C-8F67-9C325E623234}.Part1|Any CPU.ActiveCfg = Release|Any CPU
		{72E591D6-8F83-4D8C-8F67-9C325E623234}.Part1|Any CPU.Build.0 = Release|Any CPU
		{72E591D6-8F83-4D8C-8F67-9C325E623234}.Part1|CLR2.ActiveCfg = Release|Any CPU
		{72E591D6-8F83-4D8C-8F67-9C325E623234}.Part1|Mixed Platforms.ActiveCfg = Release|Any CPU
		{72E591D6-8F83-4D8C-8F67-9C325E623234}.Part1|Mixed Platforms.Build.0 = Release|Any CPU
		{72E591D6-8F83-4D8C-8F67-9C325E623234}.Part1|x86.ActiveCfg = Release|Any CPU
		{72E591D6-8F83-4D8C-8F67-9C325E623234}.Release|Any CPU.ActiveCfg = Release|Any CPU
		{72E591D6-8F83-4D8C-8F67-9C325E623234}.Release|Any CPU.Build.0 = Release|Any CPU
		{72E591D6-8F83-4D8C-8F67-9C325E623234}.Release|CLR2.ActiveCfg = Release|Any CPU
		{72E591D6-8F83-4D8C-8F67-9C325E623234}.Release|Mixed Platforms.ActiveCfg = Release|Any CPU
		{72E591D6-8F83-4D8C-8F67-9C325E623234}.Release|Mixed Platforms.Build.0 = Release|Any CPU
		{72E591D6-8F83-4D8C-8F67-9C325E623234}.Release|x86.ActiveCfg = Release|Any CPU
		{95B8E44C-D43B-4F17-9AF7-E88A0A9311EB}.Debug|Any CPU.ActiveCfg = Debug|x86
		{95B8E44C-D43B-4F17-9AF7-E88A0A9311EB}.Debug|CLR2.ActiveCfg = Debug|x86
		{95B8E44C-D43B-4F17-9AF7-E88A0A9311EB}.Debug|Mixed Platforms.ActiveCfg = Debug|x86
		{95B8E44C-D43B-4F17-9AF7-E88A0A9311EB}.Debug|Mixed Platforms.Build.0 = Debug|x86
		{95B8E44C-D43B-4F17-9AF7-E88A0A9311EB}.Debug|x86.ActiveCfg = Debug|x86
		{95B8E44C-D43B-4F17-9AF7-E88A0A9311EB}.Debug|x86.Build.0 = Debug|x86
		{95B8E44C-D43B-4F17-9AF7-E88A0A9311EB}.Part1|Any CPU.ActiveCfg = Release|x86
		{95B8E44C-D43B-4F17-9AF7-E88A0A9311EB}.Part1|CLR2.ActiveCfg = Release|x86
		{95B8E44C-D43B-4F17-9AF7-E88A0A9311EB}.Part1|Mixed Platforms.ActiveCfg = Release|x86
		{95B8E44C-D43B-4F17-9AF7-E88A0A9311EB}.Part1|Mixed Platforms.Build.0 = Release|x86
		{95B8E44C-D43B-4F17-9AF7-E88A0A9311EB}.Part1|x86.ActiveCfg = Release|x86
		{95B8E44C-D43B-4F17-9AF7-E88A0A9311EB}.Part1|x86.Build.0 = Release|x86
		{95B8E44C-D43B-4F17-9AF7-E88A0A9311EB}.Release|Any CPU.ActiveCfg = Release|x86
		{95B8E44C-D43B-4F17-9AF7-E88A0A9311EB}.Release|CLR2.ActiveCfg = Release|x86
		{95B8E44C-D43B-4F17-9AF7-E88A0A9311EB}.Release|Mixed Platforms.ActiveCfg = Release|x86
		{95B8E44C-D43B-4F17-9AF7-E88A0A9311EB}.Release|Mixed Platforms.Build.0 = Release|x86
		{95B8E44C-D43B-4F17-9AF7-E88A0A9311EB}.Release|x86.ActiveCfg = Release|x86
		{95B8E44C-D43B-4F17-9AF7-E88A0A9311EB}.Release|x86.Build.0 = Release|x86
		{56375A61-BD03-42D6-AC7A-C03DB82A14F4}.Debug|Any CPU.ActiveCfg = Debug|Any CPU
		{56375A61-BD03-42D6-AC7A-C03DB82A14F4}.Debug|Any CPU.Build.0 = Debug|Any CPU
		{56375A61-BD03-42D6-AC7A-C03DB82A14F4}.Debug|CLR2.ActiveCfg = Debug|Any CPU
		{56375A61-BD03-42D6-AC7A-C03DB82A14F4}.Debug|Mixed Platforms.ActiveCfg = Debug|Any CPU
		{56375A61-BD03-42D6-AC7A-C03DB82A14F4}.Debug|Mixed Platforms.Build.0 = Debug|Any CPU
		{56375A61-BD03-42D6-AC7A-C03DB82A14F4}.Debug|x86.ActiveCfg = Debug|Any CPU
		{56375A61-BD03-42D6-AC7A-C03DB82A14F4}.Part1|Any CPU.ActiveCfg = Release|Any CPU
		{56375A61-BD03-42D6-AC7A-C03DB82A14F4}.Part1|Any CPU.Build.0 = Release|Any CPU
		{56375A61-BD03-42D6-AC7A-C03DB82A14F4}.Part1|CLR2.ActiveCfg = Release|Any CPU
		{56375A61-BD03-42D6-AC7A-C03DB82A14F4}.Part1|Mixed Platforms.ActiveCfg = Release|Any CPU
		{56375A61-BD03-42D6-AC7A-C03DB82A14F4}.Part1|Mixed Platforms.Build.0 = Release|Any CPU
		{56375A61-BD03-42D6-AC7A-C03DB82A14F4}.Part1|x86.ActiveCfg = Release|Any CPU
		{56375A61-BD03-42D6-AC7A-C03DB82A14F4}.Release|Any CPU.ActiveCfg = Release|Any CPU
		{56375A61-BD03-42D6-AC7A-C03DB82A14F4}.Release|Any CPU.Build.0 = Release|Any CPU
		{56375A61-BD03-42D6-AC7A-C03DB82A14F4}.Release|CLR2.ActiveCfg = Release|Any CPU
		{56375A61-BD03-42D6-AC7A-C03DB82A14F4}.Release|Mixed Platforms.ActiveCfg = Release|Any CPU
		{56375A61-BD03-42D6-AC7A-C03DB82A14F4}.Release|Mixed Platforms.Build.0 = Release|Any CPU
		{56375A61-BD03-42D6-AC7A-C03DB82A14F4}.Release|x86.ActiveCfg = Release|Any CPU
		{CF0D1306-12D7-4B67-8901-2F024B1DF1BC}.Debug|Any CPU.ActiveCfg = Debug|Any CPU
		{CF0D1306-12D7-4B67-8901-2F024B1DF1BC}.Debug|Any CPU.Build.0 = Debug|Any CPU
		{CF0D1306-12D7-4B67-8901-2F024B1DF1BC}.Debug|CLR2.ActiveCfg = Debug|Any CPU
		{CF0D1306-12D7-4B67-8901-2F024B1DF1BC}.Debug|Mixed Platforms.ActiveCfg = Debug|Any CPU
		{CF0D1306-12D7-4B67-8901-2F024B1DF1BC}.Debug|Mixed Platforms.Build.0 = Debug|Any CPU
		{CF0D1306-12D7-4B67-8901-2F024B1DF1BC}.Debug|x86.ActiveCfg = Debug|Any CPU
		{CF0D1306-12D7-4B67-8901-2F024B1DF1BC}.Part1|Any CPU.ActiveCfg = Release|Any CPU
		{CF0D1306-12D7-4B67-8901-2F024B1DF1BC}.Part1|Any CPU.Build.0 = Release|Any CPU
		{CF0D1306-12D7-4B67-8901-2F024B1DF1BC}.Part1|CLR2.ActiveCfg = Release|Any CPU
		{CF0D1306-12D7-4B67-8901-2F024B1DF1BC}.Part1|Mixed Platforms.ActiveCfg = Release|Any CPU
		{CF0D1306-12D7-4B67-8901-2F024B1DF1BC}.Part1|Mixed Platforms.Build.0 = Release|Any CPU
		{CF0D1306-12D7-4B67-8901-2F024B1DF1BC}.Part1|x86.ActiveCfg = Release|Any CPU
		{CF0D1306-12D7-4B67-8901-2F024B1DF1BC}.Release|Any CPU.ActiveCfg = Release|Any CPU
		{CF0D1306-12D7-4B67-8901-2F024B1DF1BC}.Release|Any CPU.Build.0 = Release|Any CPU
		{CF0D1306-12D7-4B67-8901-2F024B1DF1BC}.Release|CLR2.ActiveCfg = Release|Any CPU
		{CF0D1306-12D7-4B67-8901-2F024B1DF1BC}.Release|Mixed Platforms.ActiveCfg = Release|Any CPU
		{CF0D1306-12D7-4B67-8901-2F024B1DF1BC}.Release|Mixed Platforms.Build.0 = Release|Any CPU
		{CF0D1306-12D7-4B67-8901-2F024B1DF1BC}.Release|x86.ActiveCfg = Release|Any CPU
		{11293BF5-22DC-4163-A2E3-3E18BECC20FE}.Debug|Any CPU.ActiveCfg = Debug|Any CPU
		{11293BF5-22DC-4163-A2E3-3E18BECC20FE}.Debug|Any CPU.Build.0 = Debug|Any CPU
		{11293BF5-22DC-4163-A2E3-3E18BECC20FE}.Debug|CLR2.ActiveCfg = Debug|Any CPU
		{11293BF5-22DC-4163-A2E3-3E18BECC20FE}.Debug|Mixed Platforms.ActiveCfg = Debug|Any CPU
		{11293BF5-22DC-4163-A2E3-3E18BECC20FE}.Debug|Mixed Platforms.Build.0 = Debug|Any CPU
		{11293BF5-22DC-4163-A2E3-3E18BECC20FE}.Debug|x86.ActiveCfg = Debug|Any CPU
		{11293BF5-22DC-4163-A2E3-3E18BECC20FE}.Part1|Any CPU.ActiveCfg = Release|Any CPU
		{11293BF5-22DC-4163-A2E3-3E18BECC20FE}.Part1|Any CPU.Build.0 = Release|Any CPU
		{11293BF5-22DC-4163-A2E3-3E18BECC20FE}.Part1|CLR2.ActiveCfg = Release|Any CPU
		{11293BF5-22DC-4163-A2E3-3E18BECC20FE}.Part1|Mixed Platforms.ActiveCfg = Release|Any CPU
		{11293BF5-22DC-4163-A2E3-3E18BECC20FE}.Part1|Mixed Platforms.Build.0 = Release|Any CPU
		{11293BF5-22DC-4163-A2E3-3E18BECC20FE}.Part1|x86.ActiveCfg = Release|Any CPU
		{11293BF5-22DC-4163-A2E3-3E18BECC20FE}.Release|Any CPU.ActiveCfg = Release|Any CPU
		{11293BF5-22DC-4163-A2E3-3E18BECC20FE}.Release|Any CPU.Build.0 = Release|Any CPU
		{11293BF5-22DC-4163-A2E3-3E18BECC20FE}.Release|CLR2.ActiveCfg = Release|Any CPU
		{11293BF5-22DC-4163-A2E3-3E18BECC20FE}.Release|Mixed Platforms.ActiveCfg = Release|Any CPU
		{11293BF5-22DC-4163-A2E3-3E18BECC20FE}.Release|Mixed Platforms.Build.0 = Release|Any CPU
		{11293BF5-22DC-4163-A2E3-3E18BECC20FE}.Release|x86.ActiveCfg = Release|Any CPU
		{673879AD-29C1-42B8-9A79-3750418696AB}.Debug|Any CPU.ActiveCfg = Debug|x86
		{673879AD-29C1-42B8-9A79-3750418696AB}.Debug|CLR2.ActiveCfg = Debug|x86
		{673879AD-29C1-42B8-9A79-3750418696AB}.Debug|Mixed Platforms.ActiveCfg = Debug|x86
		{673879AD-29C1-42B8-9A79-3750418696AB}.Debug|Mixed Platforms.Build.0 = Debug|x86
		{673879AD-29C1-42B8-9A79-3750418696AB}.Debug|x86.ActiveCfg = Debug|x86
		{673879AD-29C1-42B8-9A79-3750418696AB}.Debug|x86.Build.0 = Debug|x86
		{673879AD-29C1-42B8-9A79-3750418696AB}.Part1|Any CPU.ActiveCfg = Release|x86
		{673879AD-29C1-42B8-9A79-3750418696AB}.Part1|CLR2.ActiveCfg = Release|x86
		{673879AD-29C1-42B8-9A79-3750418696AB}.Part1|Mixed Platforms.ActiveCfg = Release|x86
		{673879AD-29C1-42B8-9A79-3750418696AB}.Part1|Mixed Platforms.Build.0 = Release|x86
		{673879AD-29C1-42B8-9A79-3750418696AB}.Part1|x86.ActiveCfg = Release|x86
		{673879AD-29C1-42B8-9A79-3750418696AB}.Part1|x86.Build.0 = Release|x86
		{673879AD-29C1-42B8-9A79-3750418696AB}.Release|Any CPU.ActiveCfg = Release|x86
		{673879AD-29C1-42B8-9A79-3750418696AB}.Release|CLR2.ActiveCfg = Release|x86
		{673879AD-29C1-42B8-9A79-3750418696AB}.Release|Mixed Platforms.ActiveCfg = Release|x86
		{673879AD-29C1-42B8-9A79-3750418696AB}.Release|Mixed Platforms.Build.0 = Release|x86
		{673879AD-29C1-42B8-9A79-3750418696AB}.Release|x86.ActiveCfg = Release|x86
		{673879AD-29C1-42B8-9A79-3750418696AB}.Release|x86.Build.0 = Release|x86
		{99F32F7D-D2AC-43C8-9A1A-ACCCF445D642}.Debug|Any CPU.ActiveCfg = Debug|Any CPU
		{99F32F7D-D2AC-43C8-9A1A-ACCCF445D642}.Debug|Any CPU.Build.0 = Debug|Any CPU
		{99F32F7D-D2AC-43C8-9A1A-ACCCF445D642}.Debug|CLR2.ActiveCfg = Debug|Any CPU
		{99F32F7D-D2AC-43C8-9A1A-ACCCF445D642}.Debug|Mixed Platforms.ActiveCfg = Debug|Any CPU
		{99F32F7D-D2AC-43C8-9A1A-ACCCF445D642}.Debug|Mixed Platforms.Build.0 = Debug|Any CPU
		{99F32F7D-D2AC-43C8-9A1A-ACCCF445D642}.Debug|x86.ActiveCfg = Debug|Any CPU
		{99F32F7D-D2AC-43C8-9A1A-ACCCF445D642}.Part1|Any CPU.ActiveCfg = Release|Any CPU
		{99F32F7D-D2AC-43C8-9A1A-ACCCF445D642}.Part1|Any CPU.Build.0 = Release|Any CPU
		{99F32F7D-D2AC-43C8-9A1A-ACCCF445D642}.Part1|CLR2.ActiveCfg = Release|Any CPU
		{99F32F7D-D2AC-43C8-9A1A-ACCCF445D642}.Part1|Mixed Platforms.ActiveCfg = Release|Any CPU
		{99F32F7D-D2AC-43C8-9A1A-ACCCF445D642}.Part1|Mixed Platforms.Build.0 = Release|Any CPU
		{99F32F7D-D2AC-43C8-9A1A-ACCCF445D642}.Part1|x86.ActiveCfg = Release|Any CPU
		{99F32F7D-D2AC-43C8-9A1A-ACCCF445D642}.Release|Any CPU.ActiveCfg = Release|Any CPU
		{99F32F7D-D2AC-43C8-9A1A-ACCCF445D642}.Release|Any CPU.Build.0 = Release|Any CPU
		{99F32F7D-D2AC-43C8-9A1A-ACCCF445D642}.Release|CLR2.ActiveCfg = Release|Any CPU
		{99F32F7D-D2AC-43C8-9A1A-ACCCF445D642}.Release|Mixed Platforms.ActiveCfg = Release|Any CPU
		{99F32F7D-D2AC-43C8-9A1A-ACCCF445D642}.Release|Mixed Platforms.Build.0 = Release|Any CPU
		{99F32F7D-D2AC-43C8-9A1A-ACCCF445D642}.Release|x86.ActiveCfg = Release|Any CPU
		{2F6F0F02-5281-4B4E-AEE1-84E1B4B4632C}.Debug|Any CPU.ActiveCfg = Debug|Any CPU
		{2F6F0F02-5281-4B4E-AEE1-84E1B4B4632C}.Debug|Any CPU.Build.0 = Debug|Any CPU
		{2F6F0F02-5281-4B4E-AEE1-84E1B4B4632C}.Debug|CLR2.ActiveCfg = Debug|Any CPU
		{2F6F0F02-5281-4B4E-AEE1-84E1B4B4632C}.Debug|Mixed Platforms.ActiveCfg = Debug|Any CPU
		{2F6F0F02-5281-4B4E-AEE1-84E1B4B4632C}.Debug|Mixed Platforms.Build.0 = Debug|Any CPU
		{2F6F0F02-5281-4B4E-AEE1-84E1B4B4632C}.Debug|x86.ActiveCfg = Debug|Any CPU
		{2F6F0F02-5281-4B4E-AEE1-84E1B4B4632C}.Part1|Any CPU.ActiveCfg = Release|Any CPU
		{2F6F0F02-5281-4B4E-AEE1-84E1B4B4632C}.Part1|Any CPU.Build.0 = Release|Any CPU
		{2F6F0F02-5281-4B4E-AEE1-84E1B4B4632C}.Part1|CLR2.ActiveCfg = Release|Any CPU
		{2F6F0F02-5281-4B4E-AEE1-84E1B4B4632C}.Part1|Mixed Platforms.ActiveCfg = Release|Any CPU
		{2F6F0F02-5281-4B4E-AEE1-84E1B4B4632C}.Part1|Mixed Platforms.Build.0 = Release|Any CPU
		{2F6F0F02-5281-4B4E-AEE1-84E1B4B4632C}.Part1|x86.ActiveCfg = Release|Any CPU
		{2F6F0F02-5281-4B4E-AEE1-84E1B4B4632C}.Release|Any CPU.ActiveCfg = Release|Any CPU
		{2F6F0F02-5281-4B4E-AEE1-84E1B4B4632C}.Release|Any CPU.Build.0 = Release|Any CPU
		{2F6F0F02-5281-4B4E-AEE1-84E1B4B4632C}.Release|CLR2.ActiveCfg = Release|Any CPU
		{2F6F0F02-5281-4B4E-AEE1-84E1B4B4632C}.Release|Mixed Platforms.ActiveCfg = Release|Any CPU
		{2F6F0F02-5281-4B4E-AEE1-84E1B4B4632C}.Release|Mixed Platforms.Build.0 = Release|Any CPU
		{2F6F0F02-5281-4B4E-AEE1-84E1B4B4632C}.Release|x86.ActiveCfg = Release|Any CPU
		{022EDA6A-0B76-44C3-A530-8312C1B40030}.Debug|Any CPU.ActiveCfg = Debug|Any CPU
		{022EDA6A-0B76-44C3-A530-8312C1B40030}.Debug|Any CPU.Build.0 = Debug|Any CPU
		{022EDA6A-0B76-44C3-A530-8312C1B40030}.Debug|CLR2.ActiveCfg = Debug|Any CPU
		{022EDA6A-0B76-44C3-A530-8312C1B40030}.Debug|Mixed Platforms.ActiveCfg = Debug|Any CPU
		{022EDA6A-0B76-44C3-A530-8312C1B40030}.Debug|Mixed Platforms.Build.0 = Debug|Any CPU
		{022EDA6A-0B76-44C3-A530-8312C1B40030}.Debug|x86.ActiveCfg = Debug|Any CPU
		{022EDA6A-0B76-44C3-A530-8312C1B40030}.Part1|Any CPU.ActiveCfg = Part1|Any CPU
		{022EDA6A-0B76-44C3-A530-8312C1B40030}.Part1|Any CPU.Build.0 = Part1|Any CPU
		{022EDA6A-0B76-44C3-A530-8312C1B40030}.Part1|CLR2.ActiveCfg = Part1|Any CPU
		{022EDA6A-0B76-44C3-A530-8312C1B40030}.Part1|Mixed Platforms.ActiveCfg = Part1|Any CPU
		{022EDA6A-0B76-44C3-A530-8312C1B40030}.Part1|Mixed Platforms.Build.0 = Part1|Any CPU
		{022EDA6A-0B76-44C3-A530-8312C1B40030}.Part1|x86.ActiveCfg = Part1|Any CPU
		{022EDA6A-0B76-44C3-A530-8312C1B40030}.Release|Any CPU.ActiveCfg = Release|Any CPU
		{022EDA6A-0B76-44C3-A530-8312C1B40030}.Release|Any CPU.Build.0 = Release|Any CPU
		{022EDA6A-0B76-44C3-A530-8312C1B40030}.Release|CLR2.ActiveCfg = Release|Any CPU
		{022EDA6A-0B76-44C3-A530-8312C1B40030}.Release|Mixed Platforms.ActiveCfg = Release|Any CPU
		{022EDA6A-0B76-44C3-A530-8312C1B40030}.Release|Mixed Platforms.Build.0 = Release|Any CPU
		{022EDA6A-0B76-44C3-A530-8312C1B40030}.Release|x86.ActiveCfg = Release|Any CPU
		{E26BC89B-3B66-4E96-8FE2-655BD10CFB1B}.Debug|Any CPU.ActiveCfg = Debug|Any CPU
		{E26BC89B-3B66-4E96-8FE2-655BD10CFB1B}.Debug|Any CPU.Build.0 = Debug|Any CPU
		{E26BC89B-3B66-4E96-8FE2-655BD10CFB1B}.Debug|CLR2.ActiveCfg = Debug|Any CPU
		{E26BC89B-3B66-4E96-8FE2-655BD10CFB1B}.Debug|Mixed Platforms.ActiveCfg = Debug|Any CPU
		{E26BC89B-3B66-4E96-8FE2-655BD10CFB1B}.Debug|Mixed Platforms.Build.0 = Debug|Any CPU
		{E26BC89B-3B66-4E96-8FE2-655BD10CFB1B}.Debug|x86.ActiveCfg = Debug|Any CPU
		{E26BC89B-3B66-4E96-8FE2-655BD10CFB1B}.Part1|Any CPU.ActiveCfg = Release|Any CPU
		{E26BC89B-3B66-4E96-8FE2-655BD10CFB1B}.Part1|Any CPU.Build.0 = Release|Any CPU
		{E26BC89B-3B66-4E96-8FE2-655BD10CFB1B}.Part1|CLR2.ActiveCfg = Release|Any CPU
		{E26BC89B-3B66-4E96-8FE2-655BD10CFB1B}.Part1|Mixed Platforms.ActiveCfg = Release|Any CPU
		{E26BC89B-3B66-4E96-8FE2-655BD10CFB1B}.Part1|Mixed Platforms.Build.0 = Release|Any CPU
		{E26BC89B-3B66-4E96-8FE2-655BD10CFB1B}.Part1|x86.ActiveCfg = Release|Any CPU
		{E26BC89B-3B66-4E96-8FE2-655BD10CFB1B}.Release|Any CPU.ActiveCfg = Release|Any CPU
		{E26BC89B-3B66-4E96-8FE2-655BD10CFB1B}.Release|Any CPU.Build.0 = Release|Any CPU
		{E26BC89B-3B66-4E96-8FE2-655BD10CFB1B}.Release|CLR2.ActiveCfg = Release|Any CPU
		{E26BC89B-3B66-4E96-8FE2-655BD10CFB1B}.Release|Mixed Platforms.ActiveCfg = Release|Any CPU
		{E26BC89B-3B66-4E96-8FE2-655BD10CFB1B}.Release|Mixed Platforms.Build.0 = Release|Any CPU
		{E26BC89B-3B66-4E96-8FE2-655BD10CFB1B}.Release|x86.ActiveCfg = Release|Any CPU
		{CF0D1306-12D7-4B67-8901-2F024B1DF1AA}.Debug|Any CPU.ActiveCfg = Debug|Any CPU
		{CF0D1306-12D7-4B67-8901-2F024B1DF1AA}.Debug|Any CPU.Build.0 = Debug|Any CPU
		{CF0D1306-12D7-4B67-8901-2F024B1DF1AA}.Debug|CLR2.ActiveCfg = Debug|Any CPU
		{CF0D1306-12D7-4B67-8901-2F024B1DF1AA}.Debug|Mixed Platforms.ActiveCfg = Debug|Any CPU
		{CF0D1306-12D7-4B67-8901-2F024B1DF1AA}.Debug|Mixed Platforms.Build.0 = Debug|Any CPU
		{CF0D1306-12D7-4B67-8901-2F024B1DF1AA}.Debug|x86.ActiveCfg = Debug|Any CPU
		{CF0D1306-12D7-4B67-8901-2F024B1DF1AA}.Part1|Any CPU.ActiveCfg = Release|Any CPU
		{CF0D1306-12D7-4B67-8901-2F024B1DF1AA}.Part1|Any CPU.Build.0 = Release|Any CPU
		{CF0D1306-12D7-4B67-8901-2F024B1DF1AA}.Part1|CLR2.ActiveCfg = Release|Any CPU
		{CF0D1306-12D7-4B67-8901-2F024B1DF1AA}.Part1|Mixed Platforms.ActiveCfg = Release|Any CPU
		{CF0D1306-12D7-4B67-8901-2F024B1DF1AA}.Part1|Mixed Platforms.Build.0 = Release|Any CPU
		{CF0D1306-12D7-4B67-8901-2F024B1DF1AA}.Part1|x86.ActiveCfg = Release|Any CPU
		{CF0D1306-12D7-4B67-8901-2F024B1DF1AA}.Release|Any CPU.ActiveCfg = Release|Any CPU
		{CF0D1306-12D7-4B67-8901-2F024B1DF1AA}.Release|Any CPU.Build.0 = Release|Any CPU
		{CF0D1306-12D7-4B67-8901-2F024B1DF1AA}.Release|CLR2.ActiveCfg = Release|Any CPU
		{CF0D1306-12D7-4B67-8901-2F024B1DF1AA}.Release|Mixed Platforms.ActiveCfg = Release|Any CPU
		{CF0D1306-12D7-4B67-8901-2F024B1DF1AA}.Release|Mixed Platforms.Build.0 = Release|Any CPU
		{CF0D1306-12D7-4B67-8901-2F024B1DF1AA}.Release|x86.ActiveCfg = Release|Any CPU
		{0C6674CC-6D49-414A-9B41-D4E175028FFB}.Debug|Any CPU.ActiveCfg = Debug|Any CPU
		{0C6674CC-6D49-414A-9B41-D4E175028FFB}.Debug|Any CPU.Build.0 = Debug|Any CPU
		{0C6674CC-6D49-414A-9B41-D4E175028FFB}.Debug|CLR2.ActiveCfg = Debug|Any CPU
		{0C6674CC-6D49-414A-9B41-D4E175028FFB}.Debug|Mixed Platforms.ActiveCfg = Debug|Any CPU
		{0C6674CC-6D49-414A-9B41-D4E175028FFB}.Debug|Mixed Platforms.Build.0 = Debug|Any CPU
		{0C6674CC-6D49-414A-9B41-D4E175028FFB}.Debug|x86.ActiveCfg = Debug|Any CPU
		{0C6674CC-6D49-414A-9B41-D4E175028FFB}.Part1|Any CPU.ActiveCfg = Release|Any CPU
		{0C6674CC-6D49-414A-9B41-D4E175028FFB}.Part1|Any CPU.Build.0 = Release|Any CPU
		{0C6674CC-6D49-414A-9B41-D4E175028FFB}.Part1|CLR2.ActiveCfg = Release|Any CPU
		{0C6674CC-6D49-414A-9B41-D4E175028FFB}.Part1|Mixed Platforms.ActiveCfg = Release|Any CPU
		{0C6674CC-6D49-414A-9B41-D4E175028FFB}.Part1|Mixed Platforms.Build.0 = Release|Any CPU
		{0C6674CC-6D49-414A-9B41-D4E175028FFB}.Part1|x86.ActiveCfg = Release|Any CPU
		{0C6674CC-6D49-414A-9B41-D4E175028FFB}.Release|Any CPU.ActiveCfg = Release|Any CPU
		{0C6674CC-6D49-414A-9B41-D4E175028FFB}.Release|Any CPU.Build.0 = Release|Any CPU
		{0C6674CC-6D49-414A-9B41-D4E175028FFB}.Release|CLR2.ActiveCfg = Release|Any CPU
		{0C6674CC-6D49-414A-9B41-D4E175028FFB}.Release|Mixed Platforms.ActiveCfg = Release|Any CPU
		{0C6674CC-6D49-414A-9B41-D4E175028FFB}.Release|Mixed Platforms.Build.0 = Release|Any CPU
		{0C6674CC-6D49-414A-9B41-D4E175028FFB}.Release|x86.ActiveCfg = Release|Any CPU
		{71311977-4438-4E00-A5FD-F6E2FAC6A7C8}.Debug|Any CPU.ActiveCfg = Debug|Any CPU
		{71311977-4438-4E00-A5FD-F6E2FAC6A7C8}.Debug|Any CPU.Build.0 = Debug|Any CPU
		{71311977-4438-4E00-A5FD-F6E2FAC6A7C8}.Debug|CLR2.ActiveCfg = Debug|Any CPU
		{71311977-4438-4E00-A5FD-F6E2FAC6A7C8}.Debug|Mixed Platforms.ActiveCfg = Debug|Any CPU
		{71311977-4438-4E00-A5FD-F6E2FAC6A7C8}.Debug|Mixed Platforms.Build.0 = Debug|Any CPU
		{71311977-4438-4E00-A5FD-F6E2FAC6A7C8}.Debug|x86.ActiveCfg = Debug|Any CPU
		{71311977-4438-4E00-A5FD-F6E2FAC6A7C8}.Part1|Any CPU.ActiveCfg = Release|Any CPU
		{71311977-4438-4E00-A5FD-F6E2FAC6A7C8}.Part1|Any CPU.Build.0 = Release|Any CPU
		{71311977-4438-4E00-A5FD-F6E2FAC6A7C8}.Part1|CLR2.ActiveCfg = Release|Any CPU
		{71311977-4438-4E00-A5FD-F6E2FAC6A7C8}.Part1|Mixed Platforms.ActiveCfg = Release|Any CPU
		{71311977-4438-4E00-A5FD-F6E2FAC6A7C8}.Part1|Mixed Platforms.Build.0 = Release|Any CPU
		{71311977-4438-4E00-A5FD-F6E2FAC6A7C8}.Part1|x86.ActiveCfg = Release|Any CPU
		{71311977-4438-4E00-A5FD-F6E2FAC6A7C8}.Release|Any CPU.ActiveCfg = Release|Any CPU
		{71311977-4438-4E00-A5FD-F6E2FAC6A7C8}.Release|Any CPU.Build.0 = Release|Any CPU
		{71311977-4438-4E00-A5FD-F6E2FAC6A7C8}.Release|CLR2.ActiveCfg = Release|Any CPU
		{71311977-4438-4E00-A5FD-F6E2FAC6A7C8}.Release|Mixed Platforms.ActiveCfg = Release|Any CPU
		{71311977-4438-4E00-A5FD-F6E2FAC6A7C8}.Release|Mixed Platforms.Build.0 = Release|Any CPU
		{71311977-4438-4E00-A5FD-F6E2FAC6A7C8}.Release|x86.ActiveCfg = Release|Any CPU
	EndGlobalSection
	GlobalSection(SolutionProperties) = preSolution
		HideSolutionNode = FALSE
	EndGlobalSection
	GlobalSection(NestedProjects) = preSolution
		{20A2B996-7124-4783-AF5E-907EF7167881} = {70C00A28-FC59-4282-84AB-EDD2A6971A4D}
		{72E591D6-8F83-4D8C-8F67-9C325E623234} = {70C00A28-FC59-4282-84AB-EDD2A6971A4D}
		{3F3B4548-A9DB-4874-86F7-E7C4FEC8A351} = {70C00A28-FC59-4282-84AB-EDD2A6971A4D}
		{673879AD-29C1-42B8-9A79-3750418696AB} = {70C00A28-FC59-4282-84AB-EDD2A6971A4D}
		{022EDA6A-0B76-44C3-A530-8312C1B40030} = {70C00A28-FC59-4282-84AB-EDD2A6971A4D}
		{E26BC89B-3B66-4E96-8FE2-655BD10CFB1B} = {70C00A28-FC59-4282-84AB-EDD2A6971A4D}
		{0C6674CC-6D49-414A-9B41-D4E175028FFB} = {70C00A28-FC59-4282-84AB-EDD2A6971A4D}
		{71311977-4438-4E00-A5FD-F6E2FAC6A7C8} = {70C00A28-FC59-4282-84AB-EDD2A6971A4D}
		{56375A61-BD03-42D6-AC7A-C03DB82A14F4} = {177A51FA-2D8B-4D7C-9344-2D76AA0D8055}
		{5CD11A8F-ED44-44CD-A14D-6B4EF76F6F43} = {177A51FA-2D8B-4D7C-9344-2D76AA0D8055}
		{76F667AE-CCD7-4721-8DBF-CFEDDBB82029} = {177A51FA-2D8B-4D7C-9344-2D76AA0D8055}
		{CF0D1306-12D7-4B67-8901-2F024B1DF1BC} = {5CD11A8F-ED44-44CD-A14D-6B4EF76F6F43}
		{CF0D1306-12D7-4B67-8901-2F024B1DF1AA} = {5CD11A8F-ED44-44CD-A14D-6B4EF76F6F43}
		{11293BF5-22DC-4163-A2E3-3E18BECC20FE} = {76F667AE-CCD7-4721-8DBF-CFEDDBB82029}
		{99F32F7D-D2AC-43C8-9A1A-ACCCF445D642} = {76F667AE-CCD7-4721-8DBF-CFEDDBB82029}
		{2F6F0F02-5281-4B4E-AEE1-84E1B4B4632C} = {76F667AE-CCD7-4721-8DBF-CFEDDBB82029}
	EndGlobalSection
EndGlobal
