
Microsoft Visual Studio Solution File, Format Version 12.00
# Visual Studio Version 17
VisualStudioVersion = 17.11.35327.3
MinimumVisualStudioVersion = 10.0.40219.1
Project("{2150E333-8FDC-42A3-9474-1A3956D46DE8}") = "Libraries", "Libraries", "{B0E128C1-95F7-4319-B181-F2FE44BECDC5}"
EndProject
Project("{2150E333-8FDC-42A3-9474-1A3956D46DE8}") = "AvalonDock", "AvalonDock", "{FCBB4ECF-FAB2-4E99-8829-9D9E51C646FF}"
EndProject
Project("{9A19103F-16F7-4668-BE54-9A1E7A4F7556}") = "AvalonDock", "Libraries\AvalonDock\AvalonDock\AvalonDock.csproj", "{B36BA3CA-8685-4FA1-9C8B-60FBA7584187}"
EndProject
Project("{9A19103F-16F7-4668-BE54-9A1E7A4F7556}") = "AvalonDock.Themes", "Libraries\AvalonDock\AvalonDock.Themes\AvalonDock.Themes.csproj", "{39E89BD4-439A-477C-BD69-B2200F434D3D}"
EndProject
Project("{9A19103F-16F7-4668-BE54-9A1E7A4F7556}") = "AvalonDock.DemoApp", "Libraries\AvalonDock\AvalonDock.DemoApp\AvalonDock.DemoApp.csproj", "{53B9EC94-0D5F-496D-B27E-275CF1EB2DD9}"
EndProject
Project("{2150E333-8FDC-42A3-9474-1A3956D46DE8}") = "Samples", "Samples", "{8DA5DB0B-DDFD-44AC-9340-6C3FCDF7F550}"
EndProject
Project("{9A19103F-16F7-4668-BE54-9A1E7A4F7556}") = "Sample1", "Libraries\AvalonDock\Sample1\Sample1.csproj", "{017B9562-A96E-4E44-BEFE-54FFF3CC1B7B}"
EndProject
Project("{9A19103F-16F7-4668-BE54-9A1E7A4F7556}") = "Sample2", "Libraries\AvalonDock\Sample2\Sample2.csproj", "{D16CD6C5-4554-4F32-8FC1-B85544A185D3}"
EndProject
Project("{9A19103F-16F7-4668-BE54-9A1E7A4F7556}") = "Sample3", "Libraries\AvalonDock\Sample3\Sample3.csproj", "{63BA4040-A828-470E-A54C-6FE71BF61D34}"
EndProject
Project("{9A19103F-16F7-4668-BE54-9A1E7A4F7556}") = "Sample4", "Libraries\AvalonDock\Sample4\Sample4.csproj", "{5F679D5A-98E8-485E-A898-BA132D314099}"
EndProject
Project("{9A19103F-16F7-4668-BE54-9A1E7A4F7556}") = "Sample5", "Libraries\AvalonDock\Sample5\Sample5.csproj", "{90AFBCF5-B480-4EB8-B766-9EF03800E584}"
EndProject
Project("{2150E333-8FDC-42A3-9474-1A3956D46DE8}") = "DragDrop", "DragDrop", "{CEA90361-A427-4C27-9CDF-DCC9284B81C8}"
EndProject
Project("{9A19103F-16F7-4668-BE54-9A1E7A4F7556}") = "GongSolutions.Wpf.DragDrop", "Libraries\DragDrop\GongSolutions.Wpf.DragDrop\GongSolutions.Wpf.DragDrop.csproj", "{3452A199-601E-4135-B9AB-4E7E0BF1ED92}"
EndProject
Project("{9A19103F-16F7-4668-BE54-9A1E7A4F7556}") = "GongSolutions.Wpf.DragDrop.UnitTests", "Libraries\DragDrop\GongSolutions.Wpf.DragDrop.UnitTests\GongSolutions.Wpf.DragDrop.UnitTests.csproj", "{93305B8E-7F90-467E-A70D-8190AA8F98E1}"
EndProject
Project("{9A19103F-16F7-4668-BE54-9A1E7A4F7556}") = "DefaultsExample", "Libraries\DragDrop\Examples\DefaultsExample\DefaultsExample.csproj", "{E63D54C1-2D41-4374-B0C7-006EDE600022}"
EndProject
Project("{2150E333-8FDC-42A3-9474-1A3956D46DE8}") = "WpfEditableLabelBehavior", "WpfEditableLabelBehavior", "{06739B3D-0F54-4ED7-92A9-590472A3260D}"
EndProject
Project("{9A19103F-16F7-4668-BE54-9A1E7A4F7556}") = "EditableBehaviorLibrary", "Libraries\WpfEditableLabelBehavior\EditableBehaviorLibrary\EditableBehaviorLibrary.csproj", "{EFC87A06-A02F-44E2-8B06-0635235A5400}"
EndProject
Project("{9A19103F-16F7-4668-BE54-9A1E7A4F7556}") = "TestApp", "Libraries\WpfEditableLabelBehavior\TestApp\TestApp.csproj", "{81E34F4D-D292-4FFE-A283-B633C0C123EA}"
EndProject
Project("{2150E333-8FDC-42A3-9474-1A3956D46DE8}") = "MEFedMVVM", "MEFedMVVM", "{BAE5B46D-2D01-49C8-A8E2-C5E05CAED5F2}"
EndProject
Project("{9A19103F-16F7-4668-BE54-9A1E7A4F7556}") = "MEFedMVVM.WPF", "Libraries\MEFedMVVM\MEFedMVVM.WPF\MEFedMVVM.WPF.csproj", "{F811B382-C391-4FF7-829D-F1BF833E432C}"
EndProject
Project("{9A19103F-16F7-4668-BE54-9A1E7A4F7556}") = "MEFedMVVM.NavigationExtensions.WPF", "Libraries\MEFedMVVM\MEFedMVVM.NavigationExtensions.WPF\MEFedMVVM.NavigationExtensions.WPF.csproj", "{03813AFC-6254-41DB-8F30-D9987C7F1D9D}"
EndProject
Project("{9A19103F-16F7-4668-BE54-9A1E7A4F7556}") = "MEFedMVVM.ValidationsExtensions.WPF", "Libraries\MEFedMVVM\MEFedMVVM.ValidationsExtensions.WPF\MEFedMVVM.ValidationsExtensions.WPF.csproj", "{238BBA39-00A0-4F00-AA3C-A28784CB4A08}"
EndProject
Project("{9A19103F-16F7-4668-BE54-9A1E7A4F7556}") = "MEFedMVVM.Tests", "Libraries\MEFedMVVM\MEFedMVVM.Tests\MEFedMVVM.Tests.csproj", "{956C4F17-8D75-4D8B-A788-E30D98F35E81}"
EndProject
Project("{9A19103F-16F7-4668-BE54-9A1E7A4F7556}") = "MEFedMVVMDemo", "Libraries\MEFedMVVM\MEFedMVVMDemo\MEFedMVVMDemo.csproj", "{23ACA6D5-BF45-4014-92E6-F7D9D904D16F}"
EndProject
Project("{9A19103F-16F7-4668-BE54-9A1E7A4F7556}") = "MEFedMVVMSample", "Libraries\MEFedMVVM\MEFedMVVMSample\MEFedMVVMSample.csproj", "{30FC9C5C-780D-4A28-BC3F-4384EB5EBAE4}"
EndProject
Project("{9A19103F-16F7-4668-BE54-9A1E7A4F7556}") = "TestSample", "Libraries\MEFedMVVM\TestSample\TestSample.csproj", "{5167CDAD-4828-4C0D-B935-8F34A76912EF}"
EndProject
Project("{9A19103F-16F7-4668-BE54-9A1E7A4F7556}") = "TestNavigation", "Libraries\MEFedMVVM\TestNavigation\TestNavigation.csproj", "{79A81718-43B5-4F85-AC4C-1B34ADEBF8C8}"
EndProject
Project("{9A19103F-16F7-4668-BE54-9A1E7A4F7556}") = "TestMEFedMVVMDemo", "Libraries\MEFedMVVM\TestMEFedMVVMDemo\TestMEFedMVVMDemo.csproj", "{21BAC562-BC77-405B-8897-59D6695B6A32}"
EndProject
Project("{9A19103F-16F7-4668-BE54-9A1E7A4F7556}") = "Cinch.WPF", "Modeler\Cinch\Cinch.WPF.csproj", "{A8CD8535-A6E4-47E2-A09D-9B61B188508E}"
EndProject
Project("{9A19103F-16F7-4668-BE54-9A1E7A4F7556}") = "Techne", "Modeler\Techne\Techne\Techne.csproj", "{07BB5275-84F7-4EC0-8FD4-80B02F9D10D0}"
EndProject
Project("{9A19103F-16F7-4668-BE54-9A1E7A4F7556}") = "HelixToolkit", "Modeler\HelixToolkit\HelixToolkit.csproj", "{42A5A66E-31E4-4F08-BD56-5EF36DFE2BDD}"
EndProject
Project("{9A19103F-16F7-4668-BE54-9A1E7A4F7556}") = "WPFToolkit.Extended", "Modeler\WPFToolkit.Extended\WPFToolkit.Extended.csproj", "{ADAFB6EF-EEF3-4A2F-A4A8-10C61E08E74A}"
EndProject
Project("{9A19103F-16F7-4668-BE54-9A1E7A4F7556}") = "Techne.Plugins.Interfaces", "Modeler\Techne\Techne.Plugins.Interfaces\Techne.Plugins.Interfaces.csproj", "{CEEC0D00-E9F2-4D3F-96B3-E57F77BC119F}"
EndProject
Project("{9A19103F-16F7-4668-BE54-9A1E7A4F7556}") = "WPG", "Libraries\WPG\WPG.csproj", "{78809E96-12AE-4A30-99C5-ED6DAED10ECE}"
EndProject
Project("{9A19103F-16F7-4668-BE54-9A1E7A4F7556}") = "WPGBrushEditor", "Libraries\WPGBrushEditor\WPGBrushEditor.csproj", "{88C77FA5-9F18-4F6B-8F6B-3CD162207A3D}"
EndProject
Global
	GlobalSection(SolutionConfigurationPlatforms) = preSolution
		Debug|Any CPU = Debug|Any CPU
		Release|Any CPU = Release|Any CPU
	EndGlobalSection
	GlobalSection(ProjectConfigurationPlatforms) = postSolution
		{B36BA3CA-8685-4FA1-9C8B-60FBA7584187}.Debug|Any CPU.ActiveCfg = Debug|Any CPU
		{B36BA3CA-8685-4FA1-9C8B-60FBA7584187}.Debug|Any CPU.Build.0 = Debug|Any CPU
		{B36BA3CA-8685-4FA1-9C8B-60FBA7584187}.Release|Any CPU.ActiveCfg = Release|Any CPU
		{B36BA3CA-8685-4FA1-9C8B-60FBA7584187}.Release|Any CPU.Build.0 = Release|Any CPU
		{39E89BD4-439A-477C-BD69-B2200F434D3D}.Debug|Any CPU.ActiveCfg = Debug|Any CPU
		{39E89BD4-439A-477C-BD69-B2200F434D3D}.Debug|Any CPU.Build.0 = Debug|Any CPU
		{39E89BD4-439A-477C-BD69-B2200F434D3D}.Release|Any CPU.ActiveCfg = Release|Any CPU
		{39E89BD4-439A-477C-BD69-B2200F434D3D}.Release|Any CPU.Build.0 = Release|Any CPU
		{53B9EC94-0D5F-496D-B27E-275CF1EB2DD9}.Debug|Any CPU.ActiveCfg = Debug|Any CPU
		{53B9EC94-0D5F-496D-B27E-275CF1EB2DD9}.Debug|Any CPU.Build.0 = Debug|Any CPU
		{53B9EC94-0D5F-496D-B27E-275CF1EB2DD9}.Release|Any CPU.ActiveCfg = Release|Any CPU
		{53B9EC94-0D5F-496D-B27E-275CF1EB2DD9}.Release|Any CPU.Build.0 = Release|Any CPU
		{017B9562-A96E-4E44-BEFE-54FFF3CC1B7B}.Debug|Any CPU.ActiveCfg = Debug|Any CPU
		{017B9562-A96E-4E44-BEFE-54FFF3CC1B7B}.Debug|Any CPU.Build.0 = Debug|Any CPU
		{017B9562-A96E-4E44-BEFE-54FFF3CC1B7B}.Release|Any CPU.ActiveCfg = Release|Any CPU
		{017B9562-A96E-4E44-BEFE-54FFF3CC1B7B}.Release|Any CPU.Build.0 = Release|Any CPU
		{D16CD6C5-4554-4F32-8FC1-B85544A185D3}.Debug|Any CPU.ActiveCfg = Debug|Any CPU
		{D16CD6C5-4554-4F32-8FC1-B85544A185D3}.Debug|Any CPU.Build.0 = Debug|Any CPU
		{D16CD6C5-4554-4F32-8FC1-B85544A185D3}.Release|Any CPU.ActiveCfg = Release|Any CPU
		{D16CD6C5-4554-4F32-8FC1-B85544A185D3}.Release|Any CPU.Build.0 = Release|Any CPU
		{63BA4040-A828-470E-A54C-6FE71BF61D34}.Debug|Any CPU.ActiveCfg = Debug|Any CPU
		{63BA4040-A828-470E-A54C-6FE71BF61D34}.Debug|Any CPU.Build.0 = Debug|Any CPU
		{63BA4040-A828-470E-A54C-6FE71BF61D34}.Release|Any CPU.ActiveCfg = Release|Any CPU
		{63BA4040-A828-470E-A54C-6FE71BF61D34}.Release|Any CPU.Build.0 = Release|Any CPU
		{5F679D5A-98E8-485E-A898-BA132D314099}.Debug|Any CPU.ActiveCfg = Debug|Any CPU
		{5F679D5A-98E8-485E-A898-BA132D314099}.Debug|Any CPU.Build.0 = Debug|Any CPU
		{5F679D5A-98E8-485E-A898-BA132D314099}.Release|Any CPU.ActiveCfg = Release|Any CPU
		{5F679D5A-98E8-485E-A898-BA132D314099}.Release|Any CPU.Build.0 = Release|Any CPU
		{90AFBCF5-B480-4EB8-B766-9EF03800E584}.Debug|Any CPU.ActiveCfg = Debug|Any CPU
		{90AFBCF5-B480-4EB8-B766-9EF03800E584}.Debug|Any CPU.Build.0 = Debug|Any CPU
		{90AFBCF5-B480-4EB8-B766-9EF03800E584}.Release|Any CPU.ActiveCfg = Release|Any CPU
		{90AFBCF5-B480-4EB8-B766-9EF03800E584}.Release|Any CPU.Build.0 = Release|Any CPU
		{3452A199-601E-4135-B9AB-4E7E0BF1ED92}.Debug|Any CPU.ActiveCfg = Debug|Any CPU
		{3452A199-601E-4135-B9AB-4E7E0BF1ED92}.Debug|Any CPU.Build.0 = Debug|Any CPU
		{3452A199-601E-4135-B9AB-4E7E0BF1ED92}.Release|Any CPU.ActiveCfg = Release|Any CPU
		{3452A199-601E-4135-B9AB-4E7E0BF1ED92}.Release|Any CPU.Build.0 = Release|Any CPU
		{93305B8E-7F90-467E-A70D-8190AA8F98E1}.Debug|Any CPU.ActiveCfg = Debug|Any CPU
		{93305B8E-7F90-467E-A70D-8190AA8F98E1}.Debug|Any CPU.Build.0 = Debug|Any CPU
		{93305B8E-7F90-467E-A70D-8190AA8F98E1}.Release|Any CPU.ActiveCfg = Release|Any CPU
		{93305B8E-7F90-467E-A70D-8190AA8F98E1}.Release|Any CPU.Build.0 = Release|Any CPU
		{E63D54C1-2D41-4374-B0C7-006EDE600022}.Debug|Any CPU.ActiveCfg = Debug|Any CPU
		{E63D54C1-2D41-4374-B0C7-006EDE600022}.Debug|Any CPU.Build.0 = Debug|Any CPU
		{E63D54C1-2D41-4374-B0C7-006EDE600022}.Release|Any CPU.ActiveCfg = Release|Any CPU
		{E63D54C1-2D41-4374-B0C7-006EDE600022}.Release|Any CPU.Build.0 = Release|Any CPU
		{EFC87A06-A02F-44E2-8B06-0635235A5400}.Debug|Any CPU.ActiveCfg = Debug|Any CPU
		{EFC87A06-A02F-44E2-8B06-0635235A5400}.Debug|Any CPU.Build.0 = Debug|Any CPU
		{EFC87A06-A02F-44E2-8B06-0635235A5400}.Release|Any CPU.ActiveCfg = Release|Any CPU
		{EFC87A06-A02F-44E2-8B06-0635235A5400}.Release|Any CPU.Build.0 = Release|Any CPU
		{81E34F4D-D292-4FFE-A283-B633C0C123EA}.Debug|Any CPU.ActiveCfg = Debug|Any CPU
		{81E34F4D-D292-4FFE-A283-B633C0C123EA}.Debug|Any CPU.Build.0 = Debug|Any CPU
		{81E34F4D-D292-4FFE-A283-B633C0C123EA}.Release|Any CPU.ActiveCfg = Release|Any CPU
		{81E34F4D-D292-4FFE-A283-B633C0C123EA}.Release|Any CPU.Build.0 = Release|Any CPU
		{F811B382-C391-4FF7-829D-F1BF833E432C}.Debug|Any CPU.ActiveCfg = Debug|Any CPU
		{F811B382-C391-4FF7-829D-F1BF833E432C}.Debug|Any CPU.Build.0 = Debug|Any CPU
		{F811B382-C391-4FF7-829D-F1BF833E432C}.Release|Any CPU.ActiveCfg = Release|Any CPU
		{F811B382-C391-4FF7-829D-F1BF833E432C}.Release|Any CPU.Build.0 = Release|Any CPU
		{03813AFC-6254-41DB-8F30-D9987C7F1D9D}.Debug|Any CPU.ActiveCfg = Debug|Any CPU
		{03813AFC-6254-41DB-8F30-D9987C7F1D9D}.Debug|Any CPU.Build.0 = Debug|Any CPU
		{03813AFC-6254-41DB-8F30-D9987C7F1D9D}.Release|Any CPU.ActiveCfg = Release|Any CPU
		{03813AFC-6254-41DB-8F30-D9987C7F1D9D}.Release|Any CPU.Build.0 = Release|Any CPU
		{238BBA39-00A0-4F00-AA3C-A28784CB4A08}.Debug|Any CPU.ActiveCfg = Debug|Any CPU
		{238BBA39-00A0-4F00-AA3C-A28784CB4A08}.Debug|Any CPU.Build.0 = Debug|Any CPU
		{238BBA39-00A0-4F00-AA3C-A28784CB4A08}.Release|Any CPU.ActiveCfg = Release|Any CPU
		{238BBA39-00A0-4F00-AA3C-A28784CB4A08}.Release|Any CPU.Build.0 = Release|Any CPU
		{956C4F17-8D75-4D8B-A788-E30D98F35E81}.Debug|Any CPU.ActiveCfg = Debug|Any CPU
		{956C4F17-8D75-4D8B-A788-E30D98F35E81}.Debug|Any CPU.Build.0 = Debug|Any CPU
		{956C4F17-8D75-4D8B-A788-E30D98F35E81}.Release|Any CPU.ActiveCfg = Release|Any CPU
		{956C4F17-8D75-4D8B-A788-E30D98F35E81}.Release|Any CPU.Build.0 = Release|Any CPU
		{23ACA6D5-BF45-4014-92E6-F7D9D904D16F}.Debug|Any CPU.ActiveCfg = Debug|Any CPU
		{23ACA6D5-BF45-4014-92E6-F7D9D904D16F}.Debug|Any CPU.Build.0 = Debug|Any CPU
		{23ACA6D5-BF45-4014-92E6-F7D9D904D16F}.Release|Any CPU.ActiveCfg = Release|Any CPU
		{23ACA6D5-BF45-4014-92E6-F7D9D904D16F}.Release|Any CPU.Build.0 = Release|Any CPU
		{30FC9C5C-780D-4A28-BC3F-4384EB5EBAE4}.Debug|Any CPU.ActiveCfg = Debug|Any CPU
		{30FC9C5C-780D-4A28-BC3F-4384EB5EBAE4}.Debug|Any CPU.Build.0 = Debug|Any CPU
		{30FC9C5C-780D-4A28-BC3F-4384EB5EBAE4}.Release|Any CPU.ActiveCfg = Release|Any CPU
		{30FC9C5C-780D-4A28-BC3F-4384EB5EBAE4}.Release|Any CPU.Build.0 = Release|Any CPU
		{5167CDAD-4828-4C0D-B935-8F34A76912EF}.Debug|Any CPU.ActiveCfg = Debug|Any CPU
		{5167CDAD-4828-4C0D-B935-8F34A76912EF}.Debug|Any CPU.Build.0 = Debug|Any CPU
		{5167CDAD-4828-4C0D-B935-8F34A76912EF}.Release|Any CPU.ActiveCfg = Release|Any CPU
		{5167CDAD-4828-4C0D-B935-8F34A76912EF}.Release|Any CPU.Build.0 = Release|Any CPU
		{79A81718-43B5-4F85-AC4C-1B34ADEBF8C8}.Debug|Any CPU.ActiveCfg = Debug|Any CPU
		{79A81718-43B5-4F85-AC4C-1B34ADEBF8C8}.Debug|Any CPU.Build.0 = Debug|Any CPU
		{79A81718-43B5-4F85-AC4C-1B34ADEBF8C8}.Release|Any CPU.ActiveCfg = Release|Any CPU
		{79A81718-43B5-4F85-AC4C-1B34ADEBF8C8}.Release|Any CPU.Build.0 = Release|Any CPU
		{21BAC562-BC77-405B-8897-59D6695B6A32}.Debug|Any CPU.ActiveCfg = Debug|Any CPU
		{21BAC562-BC77-405B-8897-59D6695B6A32}.Debug|Any CPU.Build.0 = Debug|Any CPU
		{21BAC562-BC77-405B-8897-59D6695B6A32}.Release|Any CPU.ActiveCfg = Release|Any CPU
		{21BAC562-BC77-405B-8897-59D6695B6A32}.Release|Any CPU.Build.0 = Release|Any CPU
		{A8CD8535-A6E4-47E2-A09D-9B61B188508E}.Debug|Any CPU.ActiveCfg = Debug|Any CPU
		{A8CD8535-A6E4-47E2-A09D-9B61B188508E}.Debug|Any CPU.Build.0 = Debug|Any CPU
		{A8CD8535-A6E4-47E2-A09D-9B61B188508E}.Release|Any CPU.ActiveCfg = Release|Any CPU
		{A8CD8535-A6E4-47E2-A09D-9B61B188508E}.Release|Any CPU.Build.0 = Release|Any CPU
		{07BB5275-84F7-4EC0-8FD4-80B02F9D10D0}.Debug|Any CPU.ActiveCfg = Debug|Any CPU
		{07BB5275-84F7-4EC0-8FD4-80B02F9D10D0}.Debug|Any CPU.Build.0 = Debug|Any CPU
		{07BB5275-84F7-4EC0-8FD4-80B02F9D10D0}.Release|Any CPU.ActiveCfg = Release|Any CPU
		{07BB5275-84F7-4EC0-8FD4-80B02F9D10D0}.Release|Any CPU.Build.0 = Release|Any CPU
		{42A5A66E-31E4-4F08-BD56-5EF36DFE2BDD}.Debug|Any CPU.ActiveCfg = Debug|Any CPU
		{42A5A66E-31E4-4F08-BD56-5EF36DFE2BDD}.Debug|Any CPU.Build.0 = Debug|Any CPU
		{42A5A66E-31E4-4F08-BD56-5EF36DFE2BDD}.Release|Any CPU.ActiveCfg = Release|Any CPU
		{42A5A66E-31E4-4F08-BD56-5EF36DFE2BDD}.Release|Any CPU.Build.0 = Release|Any CPU
		{ADAFB6EF-EEF3-4A2F-A4A8-10C61E08E74A}.Debug|Any CPU.ActiveCfg = Debug|Any CPU
		{ADAFB6EF-EEF3-4A2F-A4A8-10C61E08E74A}.Debug|Any CPU.Build.0 = Debug|Any CPU
		{ADAFB6EF-EEF3-4A2F-A4A8-10C61E08E74A}.Release|Any CPU.ActiveCfg = Release|Any CPU
		{ADAFB6EF-EEF3-4A2F-A4A8-10C61E08E74A}.Release|Any CPU.Build.0 = Release|Any CPU
		{CEEC0D00-E9F2-4D3F-96B3-E57F77BC119F}.Debug|Any CPU.ActiveCfg = Debug|Any CPU
		{CEEC0D00-E9F2-4D3F-96B3-E57F77BC119F}.Debug|Any CPU.Build.0 = Debug|Any CPU
		{CEEC0D00-E9F2-4D3F-96B3-E57F77BC119F}.Release|Any CPU.ActiveCfg = Release|Any CPU
		{CEEC0D00-E9F2-4D3F-96B3-E57F77BC119F}.Release|Any CPU.Build.0 = Release|Any CPU
		{78809E96-12AE-4A30-99C5-ED6DAED10ECE}.Debug|Any CPU.ActiveCfg = Debug|Any CPU
		{78809E96-12AE-4A30-99C5-ED6DAED10ECE}.Debug|Any CPU.Build.0 = Debug|Any CPU
		{78809E96-12AE-4A30-99C5-ED6DAED10ECE}.Release|Any CPU.ActiveCfg = Release|Any CPU
		{78809E96-12AE-4A30-99C5-ED6DAED10ECE}.Release|Any CPU.Build.0 = Release|Any CPU
		{88C77FA5-9F18-4F6B-8F6B-3CD162207A3D}.Debug|Any CPU.ActiveCfg = Debug|Any CPU
		{88C77FA5-9F18-4F6B-8F6B-3CD162207A3D}.Debug|Any CPU.Build.0 = Debug|Any CPU
		{88C77FA5-9F18-4F6B-8F6B-3CD162207A3D}.Release|Any CPU.ActiveCfg = Release|Any CPU
		{88C77FA5-9F18-4F6B-8F6B-3CD162207A3D}.Release|Any CPU.Build.0 = Release|Any CPU
	EndGlobalSection
	GlobalSection(SolutionProperties) = preSolution
		HideSolutionNode = FALSE
	EndGlobalSection
	GlobalSection(NestedProjects) = preSolution
		{FCBB4ECF-FAB2-4E99-8829-9D9E51C646FF} = {B0E128C1-95F7-4319-B181-F2FE44BECDC5}
		{B36BA3CA-8685-4FA1-9C8B-60FBA7584187} = {FCBB4ECF-FAB2-4E99-8829-9D9E51C646FF}
		{39E89BD4-439A-477C-BD69-B2200F434D3D} = {FCBB4ECF-FAB2-4E99-8829-9D9E51C646FF}
		{53B9EC94-0D5F-496D-B27E-275CF1EB2DD9} = {FCBB4ECF-FAB2-4E99-8829-9D9E51C646FF}
		{8DA5DB0B-DDFD-44AC-9340-6C3FCDF7F550} = {FCBB4ECF-FAB2-4E99-8829-9D9E51C646FF}
		{017B9562-A96E-4E44-BEFE-54FFF3CC1B7B} = {8DA5DB0B-DDFD-44AC-9340-6C3FCDF7F550}
		{D16CD6C5-4554-4F32-8FC1-B85544A185D3} = {8DA5DB0B-DDFD-44AC-9340-6C3FCDF7F550}
		{63BA4040-A828-470E-A54C-6FE71BF61D34} = {8DA5DB0B-DDFD-44AC-9340-6C3FCDF7F550}
		{5F679D5A-98E8-485E-A898-BA132D314099} = {8DA5DB0B-DDFD-44AC-9340-6C3FCDF7F550}
		{90AFBCF5-B480-4EB8-B766-9EF03800E584} = {8DA5DB0B-DDFD-44AC-9340-6C3FCDF7F550}
		{CEA90361-A427-4C27-9CDF-DCC9284B81C8} = {B0E128C1-95F7-4319-B181-F2FE44BECDC5}
		{3452A199-601E-4135-B9AB-4E7E0BF1ED92} = {CEA90361-A427-4C27-9CDF-DCC9284B81C8}
		{93305B8E-7F90-467E-A70D-8190AA8F98E1} = {CEA90361-A427-4C27-9CDF-DCC9284B81C8}
		{E63D54C1-2D41-4374-B0C7-006EDE600022} = {CEA90361-A427-4C27-9CDF-DCC9284B81C8}
		{06739B3D-0F54-4ED7-92A9-590472A3260D} = {B0E128C1-95F7-4319-B181-F2FE44BECDC5}
		{EFC87A06-A02F-44E2-8B06-0635235A5400} = {06739B3D-0F54-4ED7-92A9-590472A3260D}
		{81E34F4D-D292-4FFE-A283-B633C0C123EA} = {06739B3D-0F54-4ED7-92A9-590472A3260D}
		{BAE5B46D-2D01-49C8-A8E2-C5E05CAED5F2} = {B0E128C1-95F7-4319-B181-F2FE44BECDC5}
		{F811B382-C391-4FF7-829D-F1BF833E432C} = {BAE5B46D-2D01-49C8-A8E2-C5E05CAED5F2}
		{03813AFC-6254-41DB-8F30-D9987C7F1D9D} = {BAE5B46D-2D01-49C8-A8E2-C5E05CAED5F2}
		{238BBA39-00A0-4F00-AA3C-A28784CB4A08} = {BAE5B46D-2D01-49C8-A8E2-C5E05CAED5F2}
		{956C4F17-8D75-4D8B-A788-E30D98F35E81} = {BAE5B46D-2D01-49C8-A8E2-C5E05CAED5F2}
		{23ACA6D5-BF45-4014-92E6-F7D9D904D16F} = {BAE5B46D-2D01-49C8-A8E2-C5E05CAED5F2}
		{30FC9C5C-780D-4A28-BC3F-4384EB5EBAE4} = {BAE5B46D-2D01-49C8-A8E2-C5E05CAED5F2}
		{5167CDAD-4828-4C0D-B935-8F34A76912EF} = {BAE5B46D-2D01-49C8-A8E2-C5E05CAED5F2}
		{79A81718-43B5-4F85-AC4C-1B34ADEBF8C8} = {BAE5B46D-2D01-49C8-A8E2-C5E05CAED5F2}
		{21BAC562-BC77-405B-8897-59D6695B6A32} = {BAE5B46D-2D01-49C8-A8E2-C5E05CAED5F2}
		{A8CD8535-A6E4-47E2-A09D-9B61B188508E} = {B0E128C1-95F7-4319-B181-F2FE44BECDC5}
		{42A5A66E-31E4-4F08-BD56-5EF36DFE2BDD} = {B0E128C1-95F7-4319-B181-F2FE44BECDC5}
		{ADAFB6EF-EEF3-4A2F-A4A8-10C61E08E74A} = {B0E128C1-95F7-4319-B181-F2FE44BECDC5}
		{78809E96-12AE-4A30-99C5-ED6DAED10ECE} = {B0E128C1-95F7-4319-B181-F2FE44BECDC5}
		{88C77FA5-9F18-4F6B-8F6B-3CD162207A3D} = {B0E128C1-95F7-4319-B181-F2FE44BECDC5}
	EndGlobalSection
	GlobalSection(ExtensibilityGlobals) = postSolution
		SolutionGuid = {875B7C33-B038-4138-B07D-A98311158717}
	EndGlobalSection
EndGlobal
